
Microsoft Visual Studio Solution File, Format Version 12.00
# Visual Studio Version 16
VisualStudioVersion = 16.0.29609.76
MinimumVisualStudioVersion = 10.0.40219.1
Project("{FAE04EC0-301F-11D3-BF4B-00C04F79EFBC}") = "ET_6_2OpenWheater.UWP", "ET_6_2OpenWheater\ET_6_2OpenWheater.UWP\ET_6_2OpenWheater.UWP.csproj", "{4E40C9AB-DEB9-44A5-9518-DCF7F15133CE}"
EndProject
Project("{FAE04EC0-301F-11D3-BF4B-00C04F79EFBC}") = "ET_6_2OpenWheater.Android", "ET_6_2OpenWheater\ET_6_2OpenWheater.Android\ET_6_2OpenWheater.Android.csproj", "{8EB0E996-F24C-481F-906C-301C334E4946}"
EndProject
Project("{FAE04EC0-301F-11D3-BF4B-00C04F79EFBC}") = "ET_6_2OpenWheater.iOS", "ET_6_2OpenWheater\ET_6_2OpenWheater.iOS\ET_6_2OpenWheater.iOS.csproj", "{CD8B80E9-9490-4AFC-BB00-6C6DF24CFB22}"
EndProject
Project("{FAE04EC0-301F-11D3-BF4B-00C04F79EFBC}") = "ET_6_2OpenWheater", "ET_6_2OpenWheater\ET_6_2OpenWheater\ET_6_2OpenWheater.csproj", "{611D9F72-B656-490A-9738-432687E85987}"
EndProject
Global
	GlobalSection(SolutionConfigurationPlatforms) = preSolution
		Debug|Any CPU = Debug|Any CPU
		Debug|ARM = Debug|ARM
		Debug|iPhone = Debug|iPhone
		Debug|iPhoneSimulator = Debug|iPhoneSimulator
		Debug|x64 = Debug|x64
		Debug|x86 = Debug|x86
		Release|Any CPU = Release|Any CPU
		Release|ARM = Release|ARM
		Release|iPhone = Release|iPhone
		Release|iPhoneSimulator = Release|iPhoneSimulator
		Release|x64 = Release|x64
		Release|x86 = Release|x86
	EndGlobalSection
	GlobalSection(ProjectConfigurationPlatforms) = postSolution
		{4E40C9AB-DEB9-44A5-9518-DCF7F15133CE}.Debug|Any CPU.ActiveCfg = Debug|x86
		{4E40C9AB-DEB9-44A5-9518-DCF7F15133CE}.Debug|Any CPU.Build.0 = Debug|x86
		{4E40C9AB-DEB9-44A5-9518-DCF7F15133CE}.Debug|Any CPU.Deploy.0 = Debug|x86
		{4E40C9AB-DEB9-44A5-9518-DCF7F15133CE}.Debug|ARM.ActiveCfg = Debug|ARM
		{4E40C9AB-DEB9-44A5-9518-DCF7F15133CE}.Debug|ARM.Build.0 = Debug|ARM
		{4E40C9AB-DEB9-44A5-9518-DCF7F15133CE}.Debug|ARM.Deploy.0 = Debug|ARM
		{4E40C9AB-DEB9-44A5-9518-DCF7F15133CE}.Debug|iPhone.ActiveCfg = Debug|x86
		{4E40C9AB-DEB9-44A5-9518-DCF7F15133CE}.Debug|iPhone.Build.0 = Debug|x86
		{4E40C9AB-DEB9-44A5-9518-DCF7F15133CE}.Debug|iPhone.Deploy.0 = Debug|x86
		{4E40C9AB-DEB9-44A5-9518-DCF7F15133CE}.Debug|iPhoneSimulator.ActiveCfg = Debug|x86
		{4E40C9AB-DEB9-44A5-9518-DCF7F15133CE}.Debug|iPhoneSimulator.Build.0 = Debug|x86
		{4E40C9AB-DEB9-44A5-9518-DCF7F15133CE}.Debug|iPhoneSimulator.Deploy.0 = Debug|x86
		{4E40C9AB-DEB9-44A5-9518-DCF7F15133CE}.Debug|x64.ActiveCfg = Debug|x64
		{4E40C9AB-DEB9-44A5-9518-DCF7F15133CE}.Debug|x64.Build.0 = Debug|x64
		{4E40C9AB-DEB9-44A5-9518-DCF7F15133CE}.Debug|x64.Deploy.0 = Debug|x64
		{4E40C9AB-DEB9-44A5-9518-DCF7F15133CE}.Debug|x86.ActiveCfg = Debug|x86
		{4E40C9AB-DEB9-44A5-9518-DCF7F15133CE}.Debug|x86.Build.0 = Debug|x86
		{4E40C9AB-DEB9-44A5-9518-DCF7F15133CE}.Debug|x86.Deploy.0 = Debug|x86
		{4E40C9AB-DEB9-44A5-9518-DCF7F15133CE}.Release|Any CPU.ActiveCfg = Release|x86
		{4E40C9AB-DEB9-44A5-9518-DCF7F15133CE}.Release|Any CPU.Build.0 = Release|x86
		{4E40C9AB-DEB9-44A5-9518-DCF7F15133CE}.Release|Any CPU.Deploy.0 = Release|x86
		{4E40C9AB-DEB9-44A5-9518-DCF7F15133CE}.Release|ARM.ActiveCfg = Release|ARM
		{4E40C9AB-DEB9-44A5-9518-DCF7F15133CE}.Release|ARM.Build.0 = Release|ARM
		{4E40C9AB-DEB9-44A5-9518-DCF7F15133CE}.Release|ARM.Deploy.0 = Release|ARM
		{4E40C9AB-DEB9-44A5-9518-DCF7F15133CE}.Release|iPhone.ActiveCfg = Release|x86
		{4E40C9AB-DEB9-44A5-9518-DCF7F15133CE}.Release|iPhone.Build.0 = Release|x86
		{4E40C9AB-DEB9-44A5-9518-DCF7F15133CE}.Release|iPhone.Deploy.0 = Release|x86
		{4E40C9AB-DEB9-44A5-9518-DCF7F15133CE}.Release|iPhoneSimulator.ActiveCfg = Release|x86
		{4E40C9AB-DEB9-44A5-9518-DCF7F15133CE}.Release|iPhoneSimulator.Build.0 = Release|x86
		{4E40C9AB-DEB9-44A5-9518-DCF7F15133CE}.Release|iPhoneSimulator.Deploy.0 = Release|x86
		{4E40C9AB-DEB9-44A5-9518-DCF7F15133CE}.Release|x64.ActiveCfg = Release|x64
		{4E40C9AB-DEB9-44A5-9518-DCF7F15133CE}.Release|x64.Build.0 = Release|x64
		{4E40C9AB-DEB9-44A5-9518-DCF7F15133CE}.Release|x64.Deploy.0 = Release|x64
		{4E40C9AB-DEB9-44A5-9518-DCF7F15133CE}.Release|x86.ActiveCfg = Release|x86
		{4E40C9AB-DEB9-44A5-9518-DCF7F15133CE}.Release|x86.Build.0 = Release|x86
		{4E40C9AB-DEB9-44A5-9518-DCF7F15133CE}.Release|x86.Deploy.0 = Release|x86
		{8EB0E996-F24C-481F-906C-301C334E4946}.Debug|Any CPU.ActiveCfg = Debug|Any CPU
		{8EB0E996-F24C-481F-906C-301C334E4946}.Debug|Any CPU.Build.0 = Debug|Any CPU
		{8EB0E996-F24C-481F-906C-301C334E4946}.Debug|Any CPU.Deploy.0 = Debug|Any CPU
		{8EB0E996-F24C-481F-906C-301C334E4946}.Debug|ARM.ActiveCfg = Debug|Any CPU
		{8EB0E996-F24C-481F-906C-301C334E4946}.Debug|ARM.Build.0 = Debug|Any CPU
		{8EB0E996-F24C-481F-906C-301C334E4946}.Debug|ARM.Deploy.0 = Debug|Any CPU
		{8EB0E996-F24C-481F-906C-301C334E4946}.Debug|iPhone.ActiveCfg = Debug|Any CPU
		{8EB0E996-F24C-481F-906C-301C334E4946}.Debug|iPhone.Build.0 = Debug|Any CPU
		{8EB0E996-F24C-481F-906C-301C334E4946}.Debug|iPhone.Deploy.0 = Debug|Any CPU
		{8EB0E996-F24C-481F-906C-301C334E4946}.Debug|iPhoneSimulator.ActiveCfg = Debug|Any CPU
		{8EB0E996-F24C-481F-906C-301C334E4946}.Debug|iPhoneSimulator.Build.0 = Debug|Any CPU
		{8EB0E996-F24C-481F-906C-301C334E4946}.Debug|iPhoneSimulator.Deploy.0 = Debug|Any CPU
		{8EB0E996-F24C-481F-906C-301C334E4946}.Debug|x64.ActiveCfg = Debug|Any CPU
		{8EB0E996-F24C-481F-906C-301C334E4946}.Debug|x64.Build.0 = Debug|Any CPU
		{8EB0E996-F24C-481F-906C-301C334E4946}.Debug|x64.Deploy.0 = Debug|Any CPU
		{8EB0E996-F24C-481F-906C-301C334E4946}.Debug|x86.ActiveCfg = Debug|Any CPU
		{8EB0E996-F24C-481F-906C-301C334E4946}.Debug|x86.Build.0 = Debug|Any CPU
		{8EB0E996-F24C-481F-906C-301C334E4946}.Debug|x86.Deploy.0 = Debug|Any CPU
		{8EB0E996-F24C-481F-906C-301C334E4946}.Release|Any CPU.ActiveCfg = Release|Any CPU
		{8EB0E996-F24C-481F-906C-301C334E4946}.Release|Any CPU.Build.0 = Release|Any CPU
		{8EB0E996-F24C-481F-906C-301C334E4946}.Release|Any CPU.Deploy.0 = Release|Any CPU
		{8EB0E996-F24C-481F-906C-301C334E4946}.Release|ARM.ActiveCfg = Release|Any CPU
		{8EB0E996-F24C-481F-906C-301C334E4946}.Release|ARM.Build.0 = Release|Any CPU
		{8EB0E996-F24C-481F-906C-301C334E4946}.Release|ARM.Deploy.0 = Release|Any CPU
		{8EB0E996-F24C-481F-906C-301C334E4946}.Release|iPhone.ActiveCfg = Release|Any CPU
		{8EB0E996-F24C-481F-906C-301C334E4946}.Release|iPhone.Build.0 = Release|Any CPU
		{8EB0E996-F24C-481F-906C-301C334E4946}.Release|iPhone.Deploy.0 = Release|Any CPU
		{8EB0E996-F24C-481F-906C-301C334E4946}.Release|iPhoneSimulator.ActiveCfg = Release|Any CPU
		{8EB0E996-F24C-481F-906C-301C334E4946}.Release|iPhoneSimulator.Build.0 = Release|Any CPU
		{8EB0E996-F24C-481F-906C-301C334E4946}.Release|iPhoneSimulator.Deploy.0 = Release|Any CPU
		{8EB0E996-F24C-481F-906C-301C334E4946}.Release|x64.ActiveCfg = Release|Any CPU
		{8EB0E996-F24C-481F-906C-301C334E4946}.Release|x64.Build.0 = Release|Any CPU
		{8EB0E996-F24C-481F-906C-301C334E4946}.Release|x64.Deploy.0 = Release|Any CPU
		{8EB0E996-F24C-481F-906C-301C334E4946}.Release|x86.ActiveCfg = Release|Any CPU
		{8EB0E996-F24C-481F-906C-301C334E4946}.Release|x86.Build.0 = Release|Any CPU
		{8EB0E996-F24C-481F-906C-301C334E4946}.Release|x86.Deploy.0 = Release|Any CPU
		{CD8B80E9-9490-4AFC-BB00-6C6DF24CFB22}.Debug|Any CPU.ActiveCfg = Debug|iPhone
		{CD8B80E9-9490-4AFC-BB00-6C6DF24CFB22}.Debug|Any CPU.Build.0 = Debug|iPhone
		{CD8B80E9-9490-4AFC-BB00-6C6DF24CFB22}.Debug|Any CPU.Deploy.0 = Debug|iPhone
		{CD8B80E9-9490-4AFC-BB00-6C6DF24CFB22}.Debug|ARM.ActiveCfg = Debug|iPhoneSimulator
		{CD8B80E9-9490-4AFC-BB00-6C6DF24CFB22}.Debug|ARM.Build.0 = Debug|iPhoneSimulator
		{CD8B80E9-9490-4AFC-BB00-6C6DF24CFB22}.Debug|ARM.Deploy.0 = Debug|iPhoneSimulator
		{CD8B80E9-9490-4AFC-BB00-6C6DF24CFB22}.Debug|iPhone.ActiveCfg = Debug|iPhone
		{CD8B80E9-9490-4AFC-BB00-6C6DF24CFB22}.Debug|iPhone.Build.0 = Debug|iPhone
		{CD8B80E9-9490-4AFC-BB00-6C6DF24CFB22}.Debug|iPhone.Deploy.0 = Debug|iPhone
		{CD8B80E9-9490-4AFC-BB00-6C6DF24CFB22}.Debug|iPhoneSimulator.ActiveCfg = Debug|iPhoneSimulator
		{CD8B80E9-9490-4AFC-BB00-6C6DF24CFB22}.Debug|iPhoneSimulator.Build.0 = Debug|iPhoneSimulator
		{CD8B80E9-9490-4AFC-BB00-6C6DF24CFB22}.Debug|iPhoneSimulator.Deploy.0 = Debug|iPhoneSimulator
		{CD8B80E9-9490-4AFC-BB00-6C6DF24CFB22}.Debug|x64.ActiveCfg = Debug|iPhone
		{CD8B80E9-9490-4AFC-BB00-6C6DF24CFB22}.Debug|x64.Build.0 = Debug|iPhone
		{CD8B80E9-9490-4AFC-BB00-6C6DF24CFB22}.Debug|x64.Deploy.0 = Debug|iPhone
		{CD8B80E9-9490-4AFC-BB00-6C6DF24CFB22}.Debug|x86.ActiveCfg = Debug|iPhone
		{CD8B80E9-9490-4AFC-BB00-6C6DF24CFB22}.Debug|x86.Build.0 = Debug|iPhone
		{CD8B80E9-9490-4AFC-BB00-6C6DF24CFB22}.Debug|x86.Deploy.0 = Debug|iPhone
		{CD8B80E9-9490-4AFC-BB00-6C6DF24CFB22}.Release|Any CPU.ActiveCfg = Release|iPhone
		{CD8B80E9-9490-4AFC-BB00-6C6DF24CFB22}.Release|Any CPU.Build.0 = Release|iPhone
		{CD8B80E9-9490-4AFC-BB00-6C6DF24CFB22}.Release|Any CPU.Deploy.0 = Release|iPhone
		{CD8B80E9-9490-4AFC-BB00-6C6DF24CFB22}.Release|ARM.ActiveCfg = Release|iPhone
		{CD8B80E9-9490-4AFC-BB00-6C6DF24CFB22}.Release|ARM.Build.0 = Release|iPhone
		{CD8B80E9-9490-4AFC-BB00-6C6DF24CFB22}.Release|ARM.Deploy.0 = Release|iPhone
		{CD8B80E9-9490-4AFC-BB00-6C6DF24CFB22}.Release|iPhone.ActiveCfg = Release|iPhone
		{CD8B80E9-9490-4AFC-BB00-6C6DF24CFB22}.Release|iPhone.Build.0 = Release|iPhone
		{CD8B80E9-9490-4AFC-BB00-6C6DF24CFB22}.Release|iPhone.Deploy.0 = Release|iPhone
		{CD8B80E9-9490-4AFC-BB00-6C6DF24CFB22}.Release|iPhoneSimulator.ActiveCfg = Release|iPhoneSimulator
		{CD8B80E9-9490-4AFC-BB00-6C6DF24CFB22}.Release|iPhoneSimulator.Build.0 = Release|iPhoneSimulator
		{CD8B80E9-9490-4AFC-BB00-6C6DF24CFB22}.Release|iPhoneSimulator.Deploy.0 = Release|iPhoneSimulator
		{CD8B80E9-9490-4AFC-BB00-6C6DF24CFB22}.Release|x64.ActiveCfg = Release|iPhone
		{CD8B80E9-9490-4AFC-BB00-6C6DF24CFB22}.Release|x64.Build.0 = Release|iPhone
		{CD8B80E9-9490-4AFC-BB00-6C6DF24CFB22}.Release|x64.Deploy.0 = Release|iPhone
		{CD8B80E9-9490-4AFC-BB00-6C6DF24CFB22}.Release|x86.ActiveCfg = Release|iPhone
		{CD8B80E9-9490-4AFC-BB00-6C6DF24CFB22}.Release|x86.Build.0 = Release|iPhone
		{CD8B80E9-9490-4AFC-BB00-6C6DF24CFB22}.Release|x86.Deploy.0 = Release|iPhone
		{611D9F72-B656-490A-9738-432687E85987}.Debug|Any CPU.ActiveCfg = Debug|Any CPU
		{611D9F72-B656-490A-9738-432687E85987}.Debug|Any CPU.Build.0 = Debug|Any CPU
		{611D9F72-B656-490A-9738-432687E85987}.Debug|Any CPU.Deploy.0 = Debug|Any CPU
		{611D9F72-B656-490A-9738-432687E85987}.Debug|ARM.ActiveCfg = Debug|Any CPU
		{611D9F72-B656-490A-9738-432687E85987}.Debug|ARM.Build.0 = Debug|Any CPU
		{611D9F72-B656-490A-9738-432687E85987}.Debug|ARM.Deploy.0 = Debug|Any CPU
		{611D9F72-B656-490A-9738-432687E85987}.Debug|iPhone.ActiveCfg = Debug|Any CPU
		{611D9F72-B656-490A-9738-432687E85987}.Debug|iPhone.Build.0 = Debug|Any CPU
		{611D9F72-B656-490A-9738-432687E85987}.Debug|iPhone.Deploy.0 = Debug|Any CPU
		{611D9F72-B656-490A-9738-432687E85987}.Debug|iPhoneSimulator.ActiveCfg = Debug|Any CPU
		{611D9F72-B656-490A-9738-432687E85987}.Debug|iPhoneSimulator.Build.0 = Debug|Any CPU
		{611D9F72-B656-490A-9738-432687E85987}.Debug|iPhoneSimulator.Deploy.0 = Debug|Any CPU
		{611D9F72-B656-490A-9738-432687E85987}.Debug|x64.ActiveCfg = Debug|Any CPU
		{611D9F72-B656-490A-9738-432687E85987}.Debug|x64.Build.0 = Debug|Any CPU
		{611D9F72-B656-490A-9738-432687E85987}.Debug|x64.Deploy.0 = Debug|Any CPU
		{611D9F72-B656-490A-9738-432687E85987}.Debug|x86.ActiveCfg = Debug|Any CPU
		{611D9F72-B656-490A-9738-432687E85987}.Debug|x86.Build.0 = Debug|Any CPU
		{611D9F72-B656-490A-9738-432687E85987}.Debug|x86.Deploy.0 = Debug|Any CPU
		{611D9F72-B656-490A-9738-432687E85987}.Release|Any CPU.ActiveCfg = Release|Any CPU
		{611D9F72-B656-490A-9738-432687E85987}.Release|Any CPU.Build.0 = Release|Any CPU
		{611D9F72-B656-490A-9738-432687E85987}.Release|Any CPU.Deploy.0 = Release|Any CPU
		{611D9F72-B656-490A-9738-432687E85987}.Release|ARM.ActiveCfg = Release|Any CPU
		{611D9F72-B656-490A-9738-432687E85987}.Release|ARM.Build.0 = Release|Any CPU
		{611D9F72-B656-490A-9738-432687E85987}.Release|ARM.Deploy.0 = Release|Any CPU
		{611D9F72-B656-490A-9738-432687E85987}.Release|iPhone.ActiveCfg = Release|Any CPU
		{611D9F72-B656-490A-9738-432687E85987}.Release|iPhone.Build.0 = Release|Any CPU
		{611D9F72-B656-490A-9738-432687E85987}.Release|iPhone.Deploy.0 = Release|Any CPU
		{611D9F72-B656-490A-9738-432687E85987}.Release|iPhoneSimulator.ActiveCfg = Release|Any CPU
		{611D9F72-B656-490A-9738-432687E85987}.Release|iPhoneSimulator.Build.0 = Release|Any CPU
		{611D9F72-B656-490A-9738-432687E85987}.Release|iPhoneSimulator.Deploy.0 = Release|Any CPU
		{611D9F72-B656-490A-9738-432687E85987}.Release|x64.ActiveCfg = Release|Any CPU
		{611D9F72-B656-490A-9738-432687E85987}.Release|x64.Build.0 = Release|Any CPU
		{611D9F72-B656-490A-9738-432687E85987}.Release|x64.Deploy.0 = Release|Any CPU
		{611D9F72-B656-490A-9738-432687E85987}.Release|x86.ActiveCfg = Release|Any CPU
		{611D9F72-B656-490A-9738-432687E85987}.Release|x86.Build.0 = Release|Any CPU
		{611D9F72-B656-490A-9738-432687E85987}.Release|x86.Deploy.0 = Release|Any CPU
	EndGlobalSection
	GlobalSection(SolutionProperties) = preSolution
		HideSolutionNode = FALSE
	EndGlobalSection
	GlobalSection(ExtensibilityGlobals) = postSolution
		SolutionGuid = {D120BB23-B750-411A-99D3-E4A9E21B12A0}
	EndGlobalSection
EndGlobal
